
Microsoft Visual Studio Solution File, Format Version 12.00
# Visual Studio Version 17
VisualStudioVersion = 17.6.33815.320
MinimumVisualStudioVersion = 10.0.40219.1
Project("{FAE04EC0-301F-11D3-BF4B-00C04F79EFBC}") = "MyWebsiteMVC", "MyWebsiteMVC.csproj", "{042124C3-1E08-4746-B25F-B3ACB019D51B}"
EndProject
Global
	GlobalSection(SolutionConfigurationPlatforms) = preSolution
		Debug|Any CPU = Debug|Any CPU
		Release|Any CPU = Release|Any CPU
	EndGlobalSection
	GlobalSection(ProjectConfigurationPlatforms) = postSolution
		{042124C3-1E08-4746-B25F-B3ACB019D51B}.Debug|Any CPU.ActiveCfg = Debug|Any CPU
		{042124C3-1E08-4746-B25F-B3ACB019D51B}.Debug|Any CPU.Build.0 = Debug|Any CPU
		{042124C3-1E08-4746-B25F-B3ACB019D51B}.Release|Any CPU.ActiveCfg = Release|Any CPU
		{042124C3-1E08-4746-B25F-B3ACB019D51B}.Release|Any CPU.Build.0 = Release|Any CPU
	EndGlobalSection
	GlobalSection(SolutionProperties) = preSolution
		HideSolutionNode = FALSE
	EndGlobalSection
	GlobalSection(ExtensibilityGlobals) = postSolution
		SolutionGuid = {43F313B8-A863-4923-BB4E-6D94973DA16C}
	EndGlobalSection
EndGlobal
